
Microsoft Visual Studio Solution File, Format Version 12.00
# Visual Studio Version 17
VisualStudioVersion = 17.8.34511.84
MinimumVisualStudioVersion = 10.0.40219.1
Project("{9A19103F-16F7-4668-BE54-9A1E7A4F7556}") = "WebsiteBanHang", "tuan3\WebsiteBanHang.csproj", "{E2A29098-FD0A-411E-92F0-66B7AAAE82E9}"
EndProject
Global
	GlobalSection(SolutionConfigurationPlatforms) = preSolution
		Debug|Any CPU = Debug|Any CPU
		Release|Any CPU = Release|Any CPU
	EndGlobalSection
	GlobalSection(ProjectConfigurationPlatforms) = postSolution
		{E2A29098-FD0A-411E-92F0-66B7AAAE82E9}.Debug|Any CPU.ActiveCfg = Debug|Any CPU
		{E2A29098-FD0A-411E-92F0-66B7AAAE82E9}.Debug|Any CPU.Build.0 = Debug|Any CPU
		{E2A29098-FD0A-411E-92F0-66B7AAAE82E9}.Release|Any CPU.ActiveCfg = Release|Any CPU
		{E2A29098-FD0A-411E-92F0-66B7AAAE82E9}.Release|Any CPU.Build.0 = Release|Any CPU
	EndGlobalSection
	GlobalSection(SolutionProperties) = preSolution
		HideSolutionNode = FALSE
	EndGlobalSection
	GlobalSection(ExtensibilityGlobals) = postSolution
		SolutionGuid = {FE65A8E9-3C7A-4D70-92D9-EA3057D5A0ED}
	EndGlobalSection
EndGlobal
